
Microsoft Visual Studio Solution File, Format Version 12.00
Project("{FAE04EC0-301F-11D3-BF4B-00C04F79EFBC}") = "Typeracer", "Typeracer\Typeracer.csproj", "{B91E0007-2BD3-4E94-B3E7-C08E4867E82D}"
EndProject
Project("{FAE04EC0-301F-11D3-BF4B-00C04F79EFBC}") = "TyperacerIntegrationTests", "TyperacerIntegrationTests\TyperacerIntegrationTests.csproj", "{A9E50073-A7B8-4605-A160-7FEAED20B567}"
EndProject
Project("{FAE04EC0-301F-11D3-BF4B-00C04F79EFBC}") = "TyperacerUnitTests", "TyperacerUnitTests\TyperacerUnitTests.csproj", "{A6F3E040-D08F-45E5-8ABD-2B555E152CBC}"
EndProject
Global
	GlobalSection(SolutionConfigurationPlatforms) = preSolution
		Debug|Any CPU = Debug|Any CPU
		Release|Any CPU = Release|Any CPU
	EndGlobalSection
	GlobalSection(ProjectConfigurationPlatforms) = postSolution
		{B91E0007-2BD3-4E94-B3E7-C08E4867E82D}.Debug|Any CPU.ActiveCfg = Debug|Any CPU
		{B91E0007-2BD3-4E94-B3E7-C08E4867E82D}.Debug|Any CPU.Build.0 = Debug|Any CPU
		{B91E0007-2BD3-4E94-B3E7-C08E4867E82D}.Release|Any CPU.ActiveCfg = Release|Any CPU
		{B91E0007-2BD3-4E94-B3E7-C08E4867E82D}.Release|Any CPU.Build.0 = Release|Any CPU
		{A9E50073-A7B8-4605-A160-7FEAED20B567}.Debug|Any CPU.ActiveCfg = Debug|Any CPU
		{A9E50073-A7B8-4605-A160-7FEAED20B567}.Debug|Any CPU.Build.0 = Debug|Any CPU
		{A9E50073-A7B8-4605-A160-7FEAED20B567}.Release|Any CPU.ActiveCfg = Release|Any CPU
		{A9E50073-A7B8-4605-A160-7FEAED20B567}.Release|Any CPU.Build.0 = Release|Any CPU
		{A6F3E040-D08F-45E5-8ABD-2B555E152CBC}.Debug|Any CPU.ActiveCfg = Debug|Any CPU
		{A6F3E040-D08F-45E5-8ABD-2B555E152CBC}.Debug|Any CPU.Build.0 = Debug|Any CPU
		{A6F3E040-D08F-45E5-8ABD-2B555E152CBC}.Release|Any CPU.ActiveCfg = Release|Any CPU
		{A6F3E040-D08F-45E5-8ABD-2B555E152CBC}.Release|Any CPU.Build.0 = Release|Any CPU
	EndGlobalSection
EndGlobal
